
Microsoft Visual Studio Solution File, Format Version 12.00
# Visual Studio Version 17
VisualStudioVersion = 17.0.32112.339
MinimumVisualStudioVersion = 10.0.40219.1
Project("{FAE04EC0-301F-11D3-BF4B-00C04F79EFBC}") = "itivscal", "itivscal\itivscal.csproj", "{235DDCA5-623B-4686-A61E-4FAA81176D6C}"
EndProject
Global
	GlobalSection(SolutionConfigurationPlatforms) = preSolution
		Debug|Any CPU = Debug|Any CPU
		Release|Any CPU = Release|Any CPU
	EndGlobalSection
	GlobalSection(ProjectConfigurationPlatforms) = postSolution
		{235DDCA5-623B-4686-A61E-4FAA81176D6C}.Debug|Any CPU.ActiveCfg = Debug|Any CPU
		{235DDCA5-623B-4686-A61E-4FAA81176D6C}.Debug|Any CPU.Build.0 = Debug|Any CPU
		{235DDCA5-623B-4686-A61E-4FAA81176D6C}.Release|Any CPU.ActiveCfg = Release|Any CPU
		{235DDCA5-623B-4686-A61E-4FAA81176D6C}.Release|Any CPU.Build.0 = Release|Any CPU
	EndGlobalSection
	GlobalSection(SolutionProperties) = preSolution
		HideSolutionNode = FALSE
	EndGlobalSection
	GlobalSection(ExtensibilityGlobals) = postSolution
		SolutionGuid = {C19E16E8-917E-4C3B-BB37-F495F6A7249B}
	EndGlobalSection
EndGlobal
